
Microsoft Visual Studio Solution File, Format Version 12.00
# Visual Studio Version 17
VisualStudioVersion = 17.8.34525.116
MinimumVisualStudioVersion = 10.0.40219.1
Project("{FAE04EC0-301F-11D3-BF4B-00C04F79EFBC}") = "C sharp graphics", "C sharp graphics\C sharp graphics.csproj", "{CFE9B78B-5B4F-42FD-B919-85ECEC6FA13D}"
EndProject
Global
	GlobalSection(SolutionConfigurationPlatforms) = preSolution
		Debug|Any CPU = Debug|Any CPU
		Release|Any CPU = Release|Any CPU
	EndGlobalSection
	GlobalSection(ProjectConfigurationPlatforms) = postSolution
		{CFE9B78B-5B4F-42FD-B919-85ECEC6FA13D}.Debug|Any CPU.ActiveCfg = Debug|Any CPU
		{CFE9B78B-5B4F-42FD-B919-85ECEC6FA13D}.Debug|Any CPU.Build.0 = Debug|Any CPU
		{CFE9B78B-5B4F-42FD-B919-85ECEC6FA13D}.Release|Any CPU.ActiveCfg = Release|Any CPU
		{CFE9B78B-5B4F-42FD-B919-85ECEC6FA13D}.Release|Any CPU.Build.0 = Release|Any CPU
	EndGlobalSection
	GlobalSection(SolutionProperties) = preSolution
		HideSolutionNode = FALSE
	EndGlobalSection
	GlobalSection(ExtensibilityGlobals) = postSolution
		SolutionGuid = {83FD97B4-A581-4B36-AD75-8319029D8E90}
	EndGlobalSection
EndGlobal
